
Microsoft Visual Studio Solution File, Format Version 12.00
# Visual Studio Version 16
VisualStudioVersion = 16.0.30523.141
MinimumVisualStudioVersion = 10.0.40219.1
Project("{FAE04EC0-301F-11D3-BF4B-00C04F79EFBC}") = "ConsoleApp1", "ConsoleApp1\ConsoleApp1.csproj", "{1E49B4BA-6212-4F87-8321-36C522977868}"
EndProject
Global
	GlobalSection(SolutionConfigurationPlatforms) = preSolution
		Debug|Any CPU = Debug|Any CPU
		Release|Any CPU = Release|Any CPU
	EndGlobalSection
	GlobalSection(ProjectConfigurationPlatforms) = postSolution
		{1E49B4BA-6212-4F87-8321-36C522977868}.Debug|Any CPU.ActiveCfg = Debug|Any CPU
		{1E49B4BA-6212-4F87-8321-36C522977868}.Debug|Any CPU.Build.0 = Debug|Any CPU
		{1E49B4BA-6212-4F87-8321-36C522977868}.Release|Any CPU.ActiveCfg = Release|Any CPU
		{1E49B4BA-6212-4F87-8321-36C522977868}.Release|Any CPU.Build.0 = Release|Any CPU
	EndGlobalSection
	GlobalSection(SolutionProperties) = preSolution
		HideSolutionNode = FALSE
	EndGlobalSection
	GlobalSection(ExtensibilityGlobals) = postSolution
		SolutionGuid = {9C95B559-00CE-4A85-9729-306E32F3E965}
	EndGlobalSection
EndGlobal
